// !$*UTF8*$!
{
	archiveVersion = 1;
	classes = {
	};
	objectVersion = 56;
	objects = {

/* Begin PBXBuildFile section */
		7715A0F62BE42A3000082D1B /* r2CamExampleApp.swift in Sources */ = {isa = PBXBuildFile; fileRef = 7715A0F52BE42A3000082D1B /* r2CamExampleApp.swift */; };
		7715A0F82BE42A3000082D1B /* ContentView.swift in Sources */ = {isa = PBXBuildFile; fileRef = 7715A0F72BE42A3000082D1B /* ContentView.swift */; };
		7715A0FA2BE42A3100082D1B /* Assets.xcassets in Resources */ = {isa = PBXBuildFile; fileRef = 7715A0F92BE42A3100082D1B /* Assets.xcassets */; };
		7715A0FD2BE42A3100082D1B /* Preview Assets.xcassets in Resources */ = {isa = PBXBuildFile; fileRef = 7715A0FC2BE42A3100082D1B /* Preview Assets.xcassets */; };
		7715A1062BE4C81800082D1B /* VideoViewController.swift in Sources */ = {isa = PBXBuildFile; fileRef = 7715A1052BE4C81800082D1B /* VideoViewController.swift */; };
		7715A1092BE4C91C00082D1B /* r2Cam in Frameworks */ = {isa = PBXBuildFile; productRef = 7715A1082BE4C91C00082D1B /* r2Cam */; };
		7718CF862BE9851A008D62B4 /* r2Cam in Frameworks */ = {isa = PBXBuildFile; productRef = 7718CF852BE9851A008D62B4 /* r2Cam */; };
/* End PBXBuildFile section */

/* Begin PBXFileReference section */
		7715A0F22BE42A3000082D1B /* r2CamExample.app */ = {isa = PBXFileReference; explicitFileType = wrapper.application; includeInIndex = 0; path = r2CamExample.app; sourceTree = BUILT_PRODUCTS_DIR; };
		7715A0F52BE42A3000082D1B /* r2CamExampleApp.swift */ = {isa = PBXFileReference; lastKnownFileType = sourcecode.swift; path = r2CamExampleApp.swift; sourceTree = "<group>"; };
		7715A0F72BE42A3000082D1B /* ContentView.swift */ = {isa = PBXFileReference; lastKnownFileType = sourcecode.swift; path = ContentView.swift; sourceTree = "<group>"; };
		7715A0F92BE42A3100082D1B /* Assets.xcassets */ = {isa = PBXFileReference; lastKnownFileType = folder.assetcatalog; path = Assets.xcassets; sourceTree = "<group>"; };
		7715A0FC2BE42A3100082D1B /* Preview Assets.xcassets */ = {isa = PBXFileReference; lastKnownFileType = folder.assetcatalog; path = "Preview Assets.xcassets"; sourceTree = "<group>"; };
		7715A1052BE4C81800082D1B /* VideoViewController.swift */ = {isa = PBXFileReference; lastKnownFileType = sourcecode.swift; path = VideoViewController.swift; sourceTree = "<group>"; };
		7715A10A2BE4CF0800082D1B /* r2CamExample.entitlements */ = {isa = PBXFileReference; lastKnownFileType = text.plist.entitlements; path = r2CamExample.entitlements; sourceTree = "<group>"; };
		7718CF832BE983BC008D62B4 /* r2Cam */ = {isa = PBXFileReference; lastKnownFileType = wrapper; name = r2Cam; path = ..; sourceTree = "<group>"; };
/* End PBXFileReference section */

/* Begin PBXFrameworksBuildPhase section */
		7715A0EF2BE42A3000082D1B /* Frameworks */ = {
			isa = PBXFrameworksBuildPhase;
			buildActionMask = 2147483647;
			files = (
				7718CF862BE9851A008D62B4 /* r2Cam in Frameworks */,
				7715A1092BE4C91C00082D1B /* r2Cam in Frameworks */,
			);
			runOnlyForDeploymentPostprocessing = 0;
		};
/* End PBXFrameworksBuildPhase section */

/* Begin PBXGroup section */
		7715A0E92BE42A3000082D1B = {
			isa = PBXGroup;
			children = (
				7718CF822BE983BC008D62B4 /* Packages */,
				7715A0F42BE42A3000082D1B /* r2CamExample */,
				7715A0F32BE42A3000082D1B /* Products */,
				7715A1072BE4C91C00082D1B /* Frameworks */,
			);
			sourceTree = "<group>";
		};
		7715A0F32BE42A3000082D1B /* Products */ = {
			isa = PBXGroup;
			children = (
				7715A0F22BE42A3000082D1B /* r2CamExample.app */,
			);
			name = Products;
			sourceTree = "<group>";
		};
		7715A0F42BE42A3000082D1B /* r2CamExample */ = {
			isa = PBXGroup;
			children = (
				7715A10A2BE4CF0800082D1B /* r2CamExample.entitlements */,
				7715A0F52BE42A3000082D1B /* r2CamExampleApp.swift */,
				7715A0F72BE42A3000082D1B /* ContentView.swift */,
				7715A0F92BE42A3100082D1B /* Assets.xcassets */,
				7715A0FB2BE42A3100082D1B /* Preview Content */,
				7715A1052BE4C81800082D1B /* VideoViewController.swift */,
			);
			path = r2CamExample;
			sourceTree = "<group>";
		};
		7715A0FB2BE42A3100082D1B /* Preview Content */ = {
			isa = PBXGroup;
			children = (
				7715A0FC2BE42A3100082D1B /* Preview Assets.xcassets */,
			);
			path = "Preview Content";
			sourceTree = "<group>";
		};
		7715A1072BE4C91C00082D1B /* Frameworks */ = {
			isa = PBXGroup;
			children = (
			);
			name = Frameworks;
			sourceTree = "<group>";
		};
		7718CF822BE983BC008D62B4 /* Packages */ = {
			isa = PBXGroup;
			children = (
				7718CF832BE983BC008D62B4 /* r2Cam */,
			);
			name = Packages;
			sourceTree = "<group>";
		};
/* End PBXGroup section */

/* Begin PBXNativeTarget section */
		7715A0F12BE42A3000082D1B /* r2CamExample */ = {
			isa = PBXNativeTarget;
			buildConfigurationList = 7715A1002BE42A3100082D1B /* Build configuration list for PBXNativeTarget "r2CamExample" */;
			buildPhases = (
				7715A0EE2BE42A3000082D1B /* Sources */,
				7715A0EF2BE42A3000082D1B /* Frameworks */,
				7715A0F02BE42A3000082D1B /* Resources */,
			);
			buildRules = (
			);
			dependencies = (
			);
			name = r2CamExample;
			packageProductDependencies = (
				7715A1082BE4C91C00082D1B /* r2Cam */,
				7718CF852BE9851A008D62B4 /* r2Cam */,
			);
			productName = r2CamExample;
			productReference = 7715A0F22BE42A3000082D1B /* r2CamExample.app */;
			productType = "com.apple.product-type.application";
		};
/* End PBXNativeTarget section */

/* Begin PBXProject section */
		7715A0EA2BE42A3000082D1B /* Project object */ = {
			isa = PBXProject;
			attributes = {
				BuildIndependentTargetsInParallel = 1;
				LastSwiftUpdateCheck = 1430;
				LastUpgradeCheck = 1430;
				TargetAttributes = {
					7715A0F12BE42A3000082D1B = {
						CreatedOnToolsVersion = 14.3.1;
					};
				};
			};
			buildConfigurationList = 7715A0ED2BE42A3000082D1B /* Build configuration list for PBXProject "r2CamExample" */;
			compatibilityVersion = "Xcode 14.0";
			developmentRegion = en;
			hasScannedForEncodings = 0;
			knownRegions = (
				en,
				Base,
			);
			mainGroup = 7715A0E92BE42A3000082D1B;
			packageReferences = (
				7718CF842BE9851A008D62B4 /* XCRemoteSwiftPackageReference "r2Cam" */,
			);
			productRefGroup = 7715A0F32BE42A3000082D1B /* Products */;
			projectDirPath = "";
			projectRoot = "";
			targets = (
				7715A0F12BE42A3000082D1B /* r2CamExample */,
			);
		};
/* End PBXProject section */

/* Begin PBXResourcesBuildPhase section */
		7715A0F02BE42A3000082D1B /* Resources */ = {
			isa = PBXResourcesBuildPhase;
			buildActionMask = 2147483647;
			files = (
				7715A0FD2BE42A3100082D1B /* Preview Assets.xcassets in Resources */,
				7715A0FA2BE42A3100082D1B /* Assets.xcassets in Resources */,
			);
			runOnlyForDeploymentPostprocessing = 0;
		};
/* End PBXResourcesBuildPhase section */

/* Begin PBXSourcesBuildPhase section */
		7715A0EE2BE42A3000082D1B /* Sources */ = {
			isa = PBXSourcesBuildPhase;
			buildActionMask = 2147483647;
			files = (
				7715A0F82BE42A3000082D1B /* ContentView.swift in Sources */,
				7715A0F62BE42A3000082D1B /* r2CamExampleApp.swift in Sources */,
				7715A1062BE4C81800082D1B /* VideoViewController.swift in Sources */,
			);
			runOnlyForDeploymentPostprocessing = 0;
		};
/* End PBXSourcesBuildPhase section */

/* Begin XCBuildConfiguration section */
		7715A0FE2BE42A3100082D1B /* Debug */ = {
			isa = XCBuildConfiguration;
			buildSettings = {
				ALWAYS_SEARCH_USER_PATHS = NO;
				CLANG_ANALYZER_NONNULL = YES;
				CLANG_ANALYZER_NUMBER_OBJECT_CONVERSION = YES_AGGRESSIVE;
				CLANG_CXX_LANGUAGE_STANDARD = "gnu++20";
				CLANG_ENABLE_MODULES = YES;
				CLANG_ENABLE_OBJC_ARC = YES;
				CLANG_ENABLE_OBJC_WEAK = YES;
				CLANG_WARN_BLOCK_CAPTURE_AUTORELEASING = YES;
				CLANG_WARN_BOOL_CONVERSION = YES;
				CLANG_WARN_COMMA = YES;
				CLANG_WARN_CONSTANT_CONVERSION = YES;
				CLANG_WARN_DEPRECATED_OBJC_IMPLEMENTATIONS = YES;
				CLANG_WARN_DIRECT_OBJC_ISA_USAGE = YES_ERROR;
				CLANG_WARN_DOCUMENTATION_COMMENTS = YES;
				CLANG_WARN_EMPTY_BODY = YES;
				CLANG_WARN_ENUM_CONVERSION = YES;
				CLANG_WARN_INFINITE_RECURSION = YES;
				CLANG_WARN_INT_CONVERSION = YES;
				CLANG_WARN_NON_LITERAL_NULL_CONVERSION = YES;
				CLANG_WARN_OBJC_IMPLICIT_RETAIN_SELF = YES;
				CLANG_WARN_OBJC_LITERAL_CONVERSION = YES;
				CLANG_WARN_OBJC_ROOT_CLASS = YES_ERROR;
				CLANG_WARN_QUOTED_INCLUDE_IN_FRAMEWORK_HEADER = YES;
				CLANG_WARN_RANGE_LOOP_ANALYSIS = YES;
				CLANG_WARN_STRICT_PROTOTYPES = YES;
				CLANG_WARN_SUSPICIOUS_MOVE = YES;
				CLANG_WARN_UNGUARDED_AVAILABILITY = YES_AGGRESSIVE;
				CLANG_WARN_UNREACHABLE_CODE = YES;
				CLANG_WARN__DUPLICATE_METHOD_MATCH = YES;
				COPY_PHASE_STRIP = NO;
				DEBUG_INFORMATION_FORMAT = dwarf;
				ENABLE_STRICT_OBJC_MSGSEND = YES;
				ENABLE_TESTABILITY = YES;
				GCC_C_LANGUAGE_STANDARD = gnu11;
				GCC_DYNAMIC_NO_PIC = NO;
				GCC_NO_COMMON_BLOCKS = YES;
				GCC_OPTIMIZATION_LEVEL = 0;
				GCC_PREPROCESSOR_DEFINITIONS = (
					"DEBUG=1",
					"$(inherited)",
				);
				GCC_WARN_64_TO_32_BIT_CONVERSION = YES;
				GCC_WARN_ABOUT_RETURN_TYPE = YES_ERROR;
				GCC_WARN_UNDECLARED_SELECTOR = YES;
				GCC_WARN_UNINITIALIZED_AUTOS = YES_AGGRESSIVE;
				GCC_WARN_UNUSED_FUNCTION = YES;
				GCC_WARN_UNUSED_VARIABLE = YES;
				IPHONEOS_DEPLOYMENT_TARGET = 16.4;
				MTL_ENABLE_DEBUG_INFO = INCLUDE_SOURCE;
				MTL_FAST_MATH = YES;
				ONLY_ACTIVE_ARCH = YES;
				SDKROOT = iphoneos;
				SWIFT_ACTIVE_COMPILATION_CONDITIONS = DEBUG;
				SWIFT_OPTIMIZATION_LEVEL = "-Onone";
			};
			name = Debug;
		};
		7715A0FF2BE42A3100082D1B /* Release */ = {
			isa = XCBuildConfiguration;
			buildSettings = {
				ALWAYS_SEARCH_USER_PATHS = NO;
				CLANG_ANALYZER_NONNULL = YES;
				CLANG_ANALYZER_NUMBER_OBJECT_CONVERSION = YES_AGGRESSIVE;
				CLANG_CXX_LANGUAGE_STANDARD = "gnu++20";
				CLANG_ENABLE_MODULES = YES;
				CLANG_ENABLE_OBJC_ARC = YES;
				CLANG_ENABLE_OBJC_WEAK = YES;
				CLANG_WARN_BLOCK_CAPTURE_AUTORELEASING = YES;
				CLANG_WARN_BOOL_CONVERSION = YES;
				CLANG_WARN_COMMA = YES;
				CLANG_WARN_CONSTANT_CONVERSION = YES;
				CLANG_WARN_DEPRECATED_OBJC_IMPLEMENTATIONS = YES;
				CLANG_WARN_DIRECT_OBJC_ISA_USAGE = YES_ERROR;
				CLANG_WARN_DOCUMENTATION_COMMENTS = YES;
				CLANG_WARN_EMPTY_BODY = YES;
				CLANG_WARN_ENUM_CONVERSION = YES;
				CLANG_WARN_INFINITE_RECURSION = YES;
				CLANG_WARN_INT_CONVERSION = YES;
				CLANG_WARN_NON_LITERAL_NULL_CONVERSION = YES;
				CLANG_WARN_OBJC_IMPLICIT_RETAIN_SELF = YES;
				CLANG_WARN_OBJC_LITERAL_CONVERSION = YES;
				CLANG_WARN_OBJC_ROOT_CLASS = YES_ERROR;
				CLANG_WARN_QUOTED_INCLUDE_IN_FRAMEWORK_HEADER = YES;
				CLANG_WARN_RANGE_LOOP_ANALYSIS = YES;
				CLANG_WARN_STRICT_PROTOTYPES = YES;
				CLANG_WARN_SUSPICIOUS_MOVE = YES;
				CLANG_WARN_UNGUARDED_AVAILABILITY = YES_AGGRESSIVE;
				CLANG_WARN_UNREACHABLE_CODE = YES;
				CLANG_WARN__DUPLICATE_METHOD_MATCH = YES;
				COPY_PHASE_STRIP = NO;
				DEBUG_INFORMATION_FORMAT = "dwarf-with-dsym";
				ENABLE_NS_ASSERTIONS = NO;
				ENABLE_STRICT_OBJC_MSGSEND = YES;
				GCC_C_LANGUAGE_STANDARD = gnu11;
				GCC_NO_COMMON_BLOCKS = YES;
				GCC_WARN_64_TO_32_BIT_CONVERSION = YES;
				GCC_WARN_ABOUT_RETURN_TYPE = YES_ERROR;
				GCC_WARN_UNDECLARED_SELECTOR = YES;
				GCC_WARN_UNINITIALIZED_AUTOS = YES_AGGRESSIVE;
				GCC_WARN_UNUSED_FUNCTION = YES;
				GCC_WARN_UNUSED_VARIABLE = YES;
				IPHONEOS_DEPLOYMENT_TARGET = 16.4;
				MTL_ENABLE_DEBUG_INFO = NO;
				MTL_FAST_MATH = YES;
				SDKROOT = iphoneos;
				SWIFT_COMPILATION_MODE = wholemodule;
				SWIFT_OPTIMIZATION_LEVEL = "-O";
				VALIDATE_PRODUCT = YES;
			};
			name = Release;
		};
		7715A1012BE42A3100082D1B /* Debug */ = {
			isa = XCBuildConfiguration;
			buildSettings = {
				ASSETCATALOG_COMPILER_APPICON_NAME = AppIcon;
				ASSETCATALOG_COMPILER_GLOBAL_ACCENT_COLOR_NAME = AccentColor;
				CODE_SIGN_ENTITLEMENTS = r2CamExample/r2CamExample.entitlements;
				CODE_SIGN_STYLE = Automatic;
				CURRENT_PROJECT_VERSION = 1;
				DEVELOPMENT_ASSET_PATHS = "\"r2CamExample/Preview Content\"";
				DEVELOPMENT_TEAM = 7N29Z8VLQV;
				ENABLE_PREVIEWS = YES;
				GENERATE_INFOPLIST_FILE = YES;
				INFOPLIST_KEY_UIApplicationSceneManifest_Generation = YES;
				INFOPLIST_KEY_UIApplicationSupportsIndirectInputEvents = YES;
				INFOPLIST_KEY_UILaunchScreen_Generation = YES;
				INFOPLIST_KEY_UISupportedInterfaceOrientations_iPad = "UIInterfaceOrientationPortrait UIInterfaceOrientationPortraitUpsideDown UIInterfaceOrientationLandscapeLeft UIInterfaceOrientationLandscapeRight";
				INFOPLIST_KEY_UISupportedInterfaceOrientations_iPhone = "UIInterfaceOrientationPortrait UIInterfaceOrientationLandscapeLeft UIInterfaceOrientationLandscapeRight";
				IPHONEOS_DEPLOYMENT_TARGET = 15.0;
				LD_RUNPATH_SEARCH_PATHS = (
					"$(inherited)",
					"@executable_path/Frameworks",
				);
				MARKETING_VERSION = 1.0;
				PRODUCT_BUNDLE_IDENTIFIER = se.axelit.r2CamExample;
				PRODUCT_NAME = "$(TARGET_NAME)";
				SWIFT_EMIT_LOC_STRINGS = YES;
				SWIFT_VERSION = 5.0;
				TARGETED_DEVICE_FAMILY = "1,2";
			};
			name = Debug;
		};
		7715A1022BE42A3100082D1B /* Release */ = {
			isa = XCBuildConfiguration;
			buildSettings = {
				ASSETCATALOG_COMPILER_APPICON_NAME = AppIcon;
				ASSETCATALOG_COMPILER_GLOBAL_ACCENT_COLOR_NAME = AccentColor;
				CODE_SIGN_ENTITLEMENTS = r2CamExample/r2CamExample.entitlements;
				CODE_SIGN_STYLE = Automatic;
				CURRENT_PROJECT_VERSION = 1;
				DEVELOPMENT_ASSET_PATHS = "\"r2CamExample/Preview Content\"";
				DEVELOPMENT_TEAM = 7N29Z8VLQV;
				ENABLE_PREVIEWS = YES;
				GENERATE_INFOPLIST_FILE = YES;
				INFOPLIST_KEY_UIApplicationSceneManifest_Generation = YES;
				INFOPLIST_KEY_UIApplicationSupportsIndirectInputEvents = YES;
				INFOPLIST_KEY_UILaunchScreen_Generation = YES;
				INFOPLIST_KEY_UISupportedInterfaceOrientations_iPad = "UIInterfaceOrientationPortrait UIInterfaceOrientationPortraitUpsideDown UIInterfaceOrientationLandscapeLeft UIInterfaceOrientationLandscapeRight";
				INFOPLIST_KEY_UISupportedInterfaceOrientations_iPhone = "UIInterfaceOrientationPortrait UIInterfaceOrientationLandscapeLeft UIInterfaceOrientationLandscapeRight";
				IPHONEOS_DEPLOYMENT_TARGET = 15.0;
				LD_RUNPATH_SEARCH_PATHS = (
					"$(inherited)",
					"@executable_path/Frameworks",
				);
				MARKETING_VERSION = 1.0;
				PRODUCT_BUNDLE_IDENTIFIER = se.axelit.r2CamExample;
				PRODUCT_NAME = "$(TARGET_NAME)";
				SWIFT_EMIT_LOC_STRINGS = YES;
				SWIFT_VERSION = 5.0;
				TARGETED_DEVICE_FAMILY = "1,2";
			};
			name = Release;
		};
/* End XCBuildConfiguration section */

/* Begin XCConfigurationList section */
		7715A0ED2BE42A3000082D1B /* Build configuration list for PBXProject "r2CamExample" */ = {
			isa = XCConfigurationList;
			buildConfigurations = (
				7715A0FE2BE42A3100082D1B /* Debug */,
				7715A0FF2BE42A3100082D1B /* Release */,
			);
			defaultConfigurationIsVisible = 0;
			defaultConfigurationName = Release;
		};
		7715A1002BE42A3100082D1B /* Build configuration list for PBXNativeTarget "r2CamExample" */ = {
			isa = XCConfigurationList;
			buildConfigurations = (
				7715A1012BE42A3100082D1B /* Debug */,
				7715A1022BE42A3100082D1B /* Release */,
			);
			defaultConfigurationIsVisible = 0;
			defaultConfigurationName = Release;
		};
/* End XCConfigurationList section */

/* Begin XCRemoteSwiftPackageReference section */
		7718CF842BE9851A008D62B4 /* XCRemoteSwiftPackageReference "r2Cam" */ = {
			isa = XCRemoteSwiftPackageReference;
			repositoryURL = "https://github.com/TordWessman/r2Cam.git";
			requirement = {
				branch = main;
				kind = branch;
			};
		};
/* End XCRemoteSwiftPackageReference section */

/* Begin XCSwiftPackageProductDependency section */
		7715A1082BE4C91C00082D1B /* r2Cam */ = {
			isa = XCSwiftPackageProductDependency;
			productName = r2Cam;
		};
		7718CF852BE9851A008D62B4 /* r2Cam */ = {
			isa = XCSwiftPackageProductDependency;
			package = 7718CF842BE9851A008D62B4 /* XCRemoteSwiftPackageReference "r2Cam" */;
			productName = r2Cam;
		};
/* End XCSwiftPackageProductDependency section */
	};
	rootObject = 7715A0EA2BE42A3000082D1B /* Project object */;
}
